# @generated by Move, please check-in and do not edit manually.

[move]
version = 2
manifest_digest = "8259750FE52A5DAD339BEBD3C2E31E0CAF40EBCD8D129A090615007E63B891D5"
deps_digest = "F8BBB0CCB2491CA29A3DF03D6F92277A4F3574266507ACD77214D37ECA3F3082"
dependencies = [
  { name = "Sui" },
]

[[move.package]]
name = "MoveStdlib"
source = { local = "D:\\sui1\\crates\\sui-framework\\packages\\move-stdlib" }

[[move.package]]
name = "Sui"
source = { local = "D:\\sui1\\crates\\sui-framework\\packages\\sui-framework" }

dependencies = [
  { name = "MoveStdlib" },
]

[move.toolchain-version]
compiler-version = "1.24.1"
edition = "2024.beta"
flavor = "sui"

[env]

[env.devnet]
chain-id = "d29677eb"
original-published-id = "0x49fa9c902605e7172d82d35af507e8ef1f2d68474bb7990b689e67f8f9cd4dd8"
latest-published-id = "0x49fa9c902605e7172d82d35af507e8ef1f2d68474bb7990b689e67f8f9cd4dd8"
published-version = "1"

[env.mainnet]
chain-id = "35834a8a"
original-published-id = "0xd9c9c49e9ea667689797bbde157f85113c97c375fdb0198132c4624073114256"
latest-published-id = "0xd9c9c49e9ea667689797bbde157f85113c97c375fdb0198132c4624073114256"
published-version = "1"
