# @generated by Move, please check-in and do not edit manually.

[move]
version = 2
manifest_digest = "8259750FE52A5DAD339BEBD3C2E31E0CAF40EBCD8D129A090615007E63B891D5"
deps_digest = "F8BBB0CCB2491CA29A3DF03D6F92277A4F3574266507ACD77214D37ECA3F3082"
dependencies = [
  { name = "Sui" },
]

[[move.package]]
name = "MoveStdlib"
source = { local = "D:\\sui1\\crates\\sui-framework\\packages\\move-stdlib" }

[[move.package]]
name = "Sui"
source = { local = "D:\\sui1\\crates\\sui-framework\\packages\\sui-framework" }

dependencies = [
  { name = "MoveStdlib" },
]

[move.toolchain-version]
compiler-version = "1.26.2"
edition = "2024.beta"
flavor = "sui"

[env]

[env.devnet]
chain-id = "f4950f51"
original-published-id = "0xafa29cd6f4633a36893e4a5f61f62c957069f043ce27ca450887aca356ae1a2c"
latest-published-id = "0xafa29cd6f4633a36893e4a5f61f62c957069f043ce27ca450887aca356ae1a2c"
published-version = "1"

[env.mainnet]
chain-id = "35834a8a"
original-published-id = "0xd9c9c49e9ea667689797bbde157f85113c97c375fdb0198132c4624073114256"
latest-published-id = "0xd9c9c49e9ea667689797bbde157f85113c97c375fdb0198132c4624073114256"
published-version = "1"

[env.testnet]
chain-id = "4c78adac"
original-published-id = "0xcf36beba17e457a73966219c9e941262fd1946ceda97b48befb7aca944f02064"
latest-published-id = "0xcf36beba17e457a73966219c9e941262fd1946ceda97b48befb7aca944f02064"
published-version = "1"
